
Microsoft Visual Studio Solution File, Format Version 12.00
# Visual Studio Version 17
VisualStudioVersion = 17.4.33213.308
MinimumVisualStudioVersion = 10.0.40219.1
Project("{FAE04EC0-301F-11D3-BF4B-00C04F79EFBC}") = "CleanArchitecturalPattern.WebApi", "CleanArchitecturalPattern.WebApi\CleanArchitecturalPattern.WebApi.csproj", "{BDD63587-5152-46B4-AF30-BD8670043A85}"
EndProject
Global
	GlobalSection(SolutionConfigurationPlatforms) = preSolution
		Debug|Any CPU = Debug|Any CPU
		Release|Any CPU = Release|Any CPU
	EndGlobalSection
	GlobalSection(ProjectConfigurationPlatforms) = postSolution
		{BDD63587-5152-46B4-AF30-BD8670043A85}.Debug|Any CPU.ActiveCfg = Debug|Any CPU
		{BDD63587-5152-46B4-AF30-BD8670043A85}.Debug|Any CPU.Build.0 = Debug|Any CPU
		{BDD63587-5152-46B4-AF30-BD8670043A85}.Release|Any CPU.ActiveCfg = Release|Any CPU
		{BDD63587-5152-46B4-AF30-BD8670043A85}.Release|Any CPU.Build.0 = Release|Any CPU
	EndGlobalSection
	GlobalSection(SolutionProperties) = preSolution
		HideSolutionNode = FALSE
	EndGlobalSection
	GlobalSection(ExtensibilityGlobals) = postSolution
		SolutionGuid = {343B1376-B5EE-442B-9C56-06DB19EC6298}
	EndGlobalSection
EndGlobal
